{
  "requires": true,
  "lockfileVersion": 1,
  "dependencies": {
    "tecsup2019yanquicueva": {
      "version": "1.0.0",
      "resolved": "https://registry.npmjs.org/tecsup2019yanquicueva/-/tecsup2019yanquicueva-1.0.0.tgz",
      "integrity": "sha512-CmxVJl1P8TuQ7i+WWymA0TGZhmVuFcxXhhfeQd/w1cEr/2XV7iHlYlxJjcNzFRsZKrv/BeE9lTZh5xRSoAhSbA==",
      "requires": {
        "underscore": "^1.9.1"
      }
    },
    "underscore": {
      "version": "1.9.1",
      "resolved": "https://registry.npmjs.org/underscore/-/underscore-1.9.1.tgz",
      "integrity": "sha512-5/4etnCkd9c8gwgowi5/om/mYO5ajCaOgdzj/oW+0eQV9WxKBDZw5+ycmKmeaTXjInS/W0BzpGLo2xR2aBwZdg=="
    }
  }
}
